<?xml version="1.0" encoding="utf-8"?>
<Project ToolsVersion="4.0" xmlns="http://schemas.microsoft.com/developer/msbuild/2003">
  <ItemGroup>
    <Filter Include="Header Files">
      <UniqueIdentifier>{93995380-89BD-4b04-88EB-625FBE52EBFB}</UniqueIdentifier>
      <Extensions>h;hpp;hxx;hm;inl;inc;xsd</Extensions>
    </Filter>
    <Filter Include="Resource Files">
      <UniqueIdentifier>{67DA6AB6-F800-4c08-8B7A-83BB121AAD01}</UniqueIdentifier>
      <Extensions>rc;ico;cur;bmp;dlg;rc2;rct;bin;rgs;gif;jpg;jpeg;jpe;resx;tiff;tif;png;wav</Extensions>
    </Filter>
    <Filter Include="Source Files">
      <UniqueIdentifier>{4FC737F1-C7A5-4376-A066-2A32D752A2FF}</UniqueIdentifier>
      <Extensions>cpp;c;cc;cxx;def;odl;idl;hpj;bat;asm;asmx</Extensions>
    </Filter>
    <Filter Include="EXTDoc">
      <UniqueIdentifier>{b4e1de0f-a4aa-42db-9032-67b1b5f75f0b}</UniqueIdentifier>
    </Filter>
  </ItemGroup>
  <ItemGroup>
    <ClCompile Include="ExplorerBar.cpp">
      <Filter>Source Files</Filter>
    </ClCompile>
    <ClCompile Include="FavoritesManager.cpp">
      <Filter>Source Files</Filter>
    </ClCompile>
    <ClCompile Include="HistoryObj.cpp">
      <Filter>Source Files</Filter>
    </ClCompile>
    <ClCompile Include="LinkButton.cpp">
      <Filter>Source Files</Filter>
    </ClCompile>
    <ClCompile Include="LinksBar.cpp">
      <Filter>Source Files</Filter>
    </ClCompile>
    <ClCompile Include="MainFrm.cpp">
      <Filter>Source Files</Filter>
    </ClCompile>
    <ClCompile Include="stdafx.cpp">
      <Filter>Source Files</Filter>
    </ClCompile>
    <ClCompile Include="ChineseCode.cpp">
      <Filter>Source Files</Filter>
    </ClCompile>
    <ClCompile Include="Dolo.cpp">
      <Filter>Source Files</Filter>
    </ClCompile>
    <ClCompile Include="DoloMoko.cpp">
      <Filter>Source Files</Filter>
    </ClCompile>
    <ClCompile Include="DoloTaobaoHB.cpp">
      <Filter>Source Files</Filter>
    </ClCompile>
    <ClCompile Include="DoloTaobaoMM.cpp">
      <Filter>Source Files</Filter>
    </ClCompile>
    <ClCompile Include="OutputBar.cpp">
      <Filter>Source Files</Filter>
    </ClCompile>
    <ClCompile Include="Dolo8264COM.cpp">
      <Filter>Source Files</Filter>
    </ClCompile>
    <ClCompile Include="DoloYJZ9.cpp">
      <Filter>Source Files</Filter>
    </ClCompile>
    <ClCompile Include="Dolo7ymm.cpp">
      <Filter>Source Files</Filter>
    </ClCompile>
    <ClCompile Include="Dolo800meinv.cpp">
      <Filter>Source Files</Filter>
    </ClCompile>
    <ClCompile Include="DoloPocoCN.cpp">
      <Filter>Source Files</Filter>
    </ClCompile>
    <ClCompile Include="PICDolo.cpp">
      <Filter>Source Files</Filter>
    </ClCompile>
    <ClCompile Include="PICDoloDoc.cpp">
      <Filter>Source Files</Filter>
    </ClCompile>
    <ClCompile Include="PICDoloView.cpp">
      <Filter>Source Files</Filter>
    </ClCompile>
  </ItemGroup>
  <ItemGroup>
    <None Include="res\coldtool.bmp">
      <Filter>Resource Files</Filter>
    </None>
    <None Include="res\hottoolb.bmp">
      <Filter>Resource Files</Filter>
    </None>
    <None Include="res\image_col.bmp">
      <Filter>Resource Files</Filter>
    </None>
    <None Include="res\image_small.bmp">
      <Filter>Resource Files</Filter>
    </None>
    <None Include="res\menu_images_16.bmp">
      <Filter>Resource Files</Filter>
    </None>
    <None Include="res\menu_img.bmp">
      <Filter>Resource Files</Filter>
    </None>
    <None Include="res\status_a.bmp">
      <Filter>Resource Files</Filter>
    </None>
    <None Include="res\status_r.bmp">
      <Filter>Resource Files</Filter>
    </None>
    <None Include="res\Toolbar.bmp">
      <Filter>Resource Files</Filter>
    </None>
    <None Include="res\toolbar1.bmp">
      <Filter>Resource Files</Filter>
    </None>
    <None Include="ReadMe.htm" />
    <None Include="res\PICDolo.ico">
      <Filter>Resource Files</Filter>
    </None>
    <None Include="res\PICDoloDoc.ico">
      <Filter>Resource Files</Filter>
    </None>
    <None Include="res\PICDolo.rc2">
      <Filter>Resource Files</Filter>
    </None>
    <None Include="vcredist_x86.exe">
      <Filter>EXTDoc</Filter>
    </None>
    <None Include="说明书.rtf">
      <Filter>EXTDoc</Filter>
    </None>
    <None Include="LicenseEn.txt">
      <Filter>EXTDoc</Filter>
    </None>
    <None Include="LicenseCn.txt">
      <Filter>EXTDoc</Filter>
    </None>
  </ItemGroup>
  <ItemGroup>
    <ClInclude Include="ExplorerBar.h">
      <Filter>Header Files</Filter>
    </ClInclude>
    <ClInclude Include="FavoritesManager.h">
      <Filter>Header Files</Filter>
    </ClInclude>
    <ClInclude Include="HistoryObj.h">
      <Filter>Header Files</Filter>
    </ClInclude>
    <ClInclude Include="LinkButton.h">
      <Filter>Header Files</Filter>
    </ClInclude>
    <ClInclude Include="LinksBar.h">
      <Filter>Header Files</Filter>
    </ClInclude>
    <ClInclude Include="MainFrm.h">
      <Filter>Header Files</Filter>
    </ClInclude>
    <ClInclude Include="Resource.h">
      <Filter>Header Files</Filter>
    </ClInclude>
    <ClInclude Include="stdafx.h">
      <Filter>Header Files</Filter>
    </ClInclude>
    <ClInclude Include="targetver.h">
      <Filter>Header Files</Filter>
    </ClInclude>
    <ClInclude Include="ChineseCode.h">
      <Filter>Header Files</Filter>
    </ClInclude>
    <ClInclude Include="Dolo.h">
      <Filter>Header Files</Filter>
    </ClInclude>
    <ClInclude Include="DoloMoko.h">
      <Filter>Header Files</Filter>
    </ClInclude>
    <ClInclude Include="DoloTaobaoHB.h">
      <Filter>Header Files</Filter>
    </ClInclude>
    <ClInclude Include="DoloTaobaoMM.h">
      <Filter>Header Files</Filter>
    </ClInclude>
    <ClInclude Include="OutputBar.h">
      <Filter>Header Files</Filter>
    </ClInclude>
    <ClInclude Include="Dolo8264COM.h">
      <Filter>Header Files</Filter>
    </ClInclude>
    <ClInclude Include="http_download.h">
      <Filter>Header Files</Filter>
    </ClInclude>
    <ClInclude Include="DoloYJZ9.h">
      <Filter>Header Files</Filter>
    </ClInclude>
    <ClInclude Include="Dolo7ymm.h">
      <Filter>Header Files</Filter>
    </ClInclude>
    <ClInclude Include="Dolo800meinv.h">
      <Filter>Header Files</Filter>
    </ClInclude>
    <ClInclude Include="DoloPocoCN.h">
      <Filter>Header Files</Filter>
    </ClInclude>
    <ClInclude Include="PICDolo.h">
      <Filter>Header Files</Filter>
    </ClInclude>
    <ClInclude Include="PICDoloDoc.h">
      <Filter>Header Files</Filter>
    </ClInclude>
    <ClInclude Include="PICDoloView.h">
      <Filter>Header Files</Filter>
    </ClInclude>
  </ItemGroup>
  <ItemGroup>
    <ResourceCompile Include="PICDolo.rc">
      <Filter>Resource Files</Filter>
    </ResourceCompile>
  </ItemGroup>
</Project>